// !$*UTF8*$!
{
	archiveVersion = 1;
	classes = {
	};
	objectVersion = 55;
	objects = {

/* Begin PBXBuildFile section */
		B34B584826F2EA2F00EF3204 /* AppDelegate.swift in Sources */ = {isa = PBXBuildFile; fileRef = B34B584726F2EA2F00EF3204 /* AppDelegate.swift */; };
		B34B584A26F2EA2F00EF3204 /* SceneDelegate.swift in Sources */ = {isa = PBXBuildFile; fileRef = B34B584926F2EA2F00EF3204 /* SceneDelegate.swift */; };
		B34B584C26F2EA2F00EF3204 /* ViewController.swift in Sources */ = {isa = PBXBuildFile; fileRef = B34B584B26F2EA2F00EF3204 /* ViewController.swift */; };
		B34B584F26F2EA2F00EF3204 /* Main.storyboard in Resources */ = {isa = PBXBuildFile; fileRef = B34B584D26F2EA2F00EF3204 /* Main.storyboard */; };
		B34B585226F2EA2F00EF3204 /* StoreViewer.xcdatamodeld in Sources */ = {isa = PBXBuildFile; fileRef = B34B585026F2EA2F00EF3204 /* StoreViewer.xcdatamodeld */; };
		B34B585426F2EA3100EF3204 /* Assets.xcassets in Resources */ = {isa = PBXBuildFile; fileRef = B34B585326F2EA3100EF3204 /* Assets.xcassets */; };
		B34B585726F2EA3100EF3204 /* LaunchScreen.storyboard in Resources */ = {isa = PBXBuildFile; fileRef = B34B585526F2EA3100EF3204 /* LaunchScreen.storyboard */; };
		B34B586226F2EA3200EF3204 /* StoreViewerTests.swift in Sources */ = {isa = PBXBuildFile; fileRef = B34B586126F2EA3200EF3204 /* StoreViewerTests.swift */; };
		B34B586C26F2EA3200EF3204 /* StoreViewerUITests.swift in Sources */ = {isa = PBXBuildFile; fileRef = B34B586B26F2EA3200EF3204 /* StoreViewerUITests.swift */; };
		B34B586E26F2EA3200EF3204 /* StoreViewerUITestsLaunchTests.swift in Sources */ = {isa = PBXBuildFile; fileRef = B34B586D26F2EA3200EF3204 /* StoreViewerUITestsLaunchTests.swift */; };
		B34B588A26F3500E00EF3204 /* nssl0091.jpg in Resources */ = {isa = PBXBuildFile; fileRef = B34B588026F3500D00EF3204 /* nssl0091.jpg */; };
		B34B588B26F3500E00EF3204 /* nssl0046.jpg in Resources */ = {isa = PBXBuildFile; fileRef = B34B588126F3500D00EF3204 /* nssl0046.jpg */; };
		B34B588C26F3500E00EF3204 /* nssl0042.jpg in Resources */ = {isa = PBXBuildFile; fileRef = B34B588226F3500D00EF3204 /* nssl0042.jpg */; };
		B34B588D26F3500E00EF3204 /* nssl0049.jpg in Resources */ = {isa = PBXBuildFile; fileRef = B34B588326F3500D00EF3204 /* nssl0049.jpg */; };
		B34B588E26F3500E00EF3204 /* nssl0051.jpg in Resources */ = {isa = PBXBuildFile; fileRef = B34B588426F3500E00EF3204 /* nssl0051.jpg */; };
		B34B588F26F3500E00EF3204 /* nssl0041.jpg in Resources */ = {isa = PBXBuildFile; fileRef = B34B588526F3500E00EF3204 /* nssl0041.jpg */; };
		B34B589026F3500E00EF3204 /* nssl0045.jpg in Resources */ = {isa = PBXBuildFile; fileRef = B34B588626F3500E00EF3204 /* nssl0045.jpg */; };
		B34B589126F3500E00EF3204 /* nssl0034.jpg in Resources */ = {isa = PBXBuildFile; fileRef = B34B588726F3500E00EF3204 /* nssl0034.jpg */; };
		B34B589226F3500E00EF3204 /* nssl0043.jpg in Resources */ = {isa = PBXBuildFile; fileRef = B34B588826F3500E00EF3204 /* nssl0043.jpg */; };
		B34B589326F3500E00EF3204 /* nssl0033.jpg in Resources */ = {isa = PBXBuildFile; fileRef = B34B588926F3500E00EF3204 /* nssl0033.jpg */; };
/* End PBXBuildFile section */

/* Begin PBXContainerItemProxy section */
		B34B585E26F2EA3200EF3204 /* PBXContainerItemProxy */ = {
			isa = PBXContainerItemProxy;
			containerPortal = B34B583C26F2EA2F00EF3204 /* Project object */;
			proxyType = 1;
			remoteGlobalIDString = B34B584326F2EA2F00EF3204;
			remoteInfo = StoreViewer;
		};
		B34B586826F2EA3200EF3204 /* PBXContainerItemProxy */ = {
			isa = PBXContainerItemProxy;
			containerPortal = B34B583C26F2EA2F00EF3204 /* Project object */;
			proxyType = 1;
			remoteGlobalIDString = B34B584326F2EA2F00EF3204;
			remoteInfo = StoreViewer;
		};
/* End PBXContainerItemProxy section */

/* Begin PBXFileReference section */
		B34B584426F2EA2F00EF3204 /* StoreViewer.app */ = {isa = PBXFileReference; explicitFileType = wrapper.application; includeInIndex = 0; path = StoreViewer.app; sourceTree = BUILT_PRODUCTS_DIR; };
		B34B584726F2EA2F00EF3204 /* AppDelegate.swift */ = {isa = PBXFileReference; lastKnownFileType = sourcecode.swift; path = AppDelegate.swift; sourceTree = "<group>"; };
		B34B584926F2EA2F00EF3204 /* SceneDelegate.swift */ = {isa = PBXFileReference; lastKnownFileType = sourcecode.swift; path = SceneDelegate.swift; sourceTree = "<group>"; };
		B34B584B26F2EA2F00EF3204 /* ViewController.swift */ = {isa = PBXFileReference; lastKnownFileType = sourcecode.swift; path = ViewController.swift; sourceTree = "<group>"; };
		B34B584E26F2EA2F00EF3204 /* Base */ = {isa = PBXFileReference; lastKnownFileType = file.storyboard; name = Base; path = Base.lproj/Main.storyboard; sourceTree = "<group>"; };
		B34B585126F2EA2F00EF3204 /* StoreViewer.xcdatamodel */ = {isa = PBXFileReference; lastKnownFileType = wrapper.xcdatamodel; path = StoreViewer.xcdatamodel; sourceTree = "<group>"; };
		B34B585326F2EA3100EF3204 /* Assets.xcassets */ = {isa = PBXFileReference; lastKnownFileType = folder.assetcatalog; path = Assets.xcassets; sourceTree = "<group>"; };
		B34B585626F2EA3100EF3204 /* Base */ = {isa = PBXFileReference; lastKnownFileType = file.storyboard; name = Base; path = Base.lproj/LaunchScreen.storyboard; sourceTree = "<group>"; };
		B34B585826F2EA3100EF3204 /* Info.plist */ = {isa = PBXFileReference; lastKnownFileType = text.plist.xml; path = Info.plist; sourceTree = "<group>"; };
		B34B585D26F2EA3200EF3204 /* StoreViewerTests.xctest */ = {isa = PBXFileReference; explicitFileType = wrapper.cfbundle; includeInIndex = 0; path = StoreViewerTests.xctest; sourceTree = BUILT_PRODUCTS_DIR; };
		B34B586126F2EA3200EF3204 /* StoreViewerTests.swift */ = {isa = PBXFileReference; lastKnownFileType = sourcecode.swift; path = StoreViewerTests.swift; sourceTree = "<group>"; };
		B34B586726F2EA3200EF3204 /* StoreViewerUITests.xctest */ = {isa = PBXFileReference; explicitFileType = wrapper.cfbundle; includeInIndex = 0; path = StoreViewerUITests.xctest; sourceTree = BUILT_PRODUCTS_DIR; };
		B34B586B26F2EA3200EF3204 /* StoreViewerUITests.swift */ = {isa = PBXFileReference; lastKnownFileType = sourcecode.swift; path = StoreViewerUITests.swift; sourceTree = "<group>"; };
		B34B586D26F2EA3200EF3204 /* StoreViewerUITestsLaunchTests.swift */ = {isa = PBXFileReference; lastKnownFileType = sourcecode.swift; path = StoreViewerUITestsLaunchTests.swift; sourceTree = "<group>"; };
		B34B588026F3500D00EF3204 /* nssl0091.jpg */ = {isa = PBXFileReference; lastKnownFileType = image.jpeg; path = nssl0091.jpg; sourceTree = "<group>"; };
		B34B588126F3500D00EF3204 /* nssl0046.jpg */ = {isa = PBXFileReference; lastKnownFileType = image.jpeg; path = nssl0046.jpg; sourceTree = "<group>"; };
		B34B588226F3500D00EF3204 /* nssl0042.jpg */ = {isa = PBXFileReference; lastKnownFileType = image.jpeg; path = nssl0042.jpg; sourceTree = "<group>"; };
		B34B588326F3500D00EF3204 /* nssl0049.jpg */ = {isa = PBXFileReference; lastKnownFileType = image.jpeg; path = nssl0049.jpg; sourceTree = "<group>"; };
		B34B588426F3500E00EF3204 /* nssl0051.jpg */ = {isa = PBXFileReference; lastKnownFileType = image.jpeg; path = nssl0051.jpg; sourceTree = "<group>"; };
		B34B588526F3500E00EF3204 /* nssl0041.jpg */ = {isa = PBXFileReference; lastKnownFileType = image.jpeg; path = nssl0041.jpg; sourceTree = "<group>"; };
		B34B588626F3500E00EF3204 /* nssl0045.jpg */ = {isa = PBXFileReference; lastKnownFileType = image.jpeg; path = nssl0045.jpg; sourceTree = "<group>"; };
		B34B588726F3500E00EF3204 /* nssl0034.jpg */ = {isa = PBXFileReference; lastKnownFileType = image.jpeg; path = nssl0034.jpg; sourceTree = "<group>"; };
		B34B588826F3500E00EF3204 /* nssl0043.jpg */ = {isa = PBXFileReference; lastKnownFileType = image.jpeg; path = nssl0043.jpg; sourceTree = "<group>"; };
		B34B588926F3500E00EF3204 /* nssl0033.jpg */ = {isa = PBXFileReference; lastKnownFileType = image.jpeg; path = nssl0033.jpg; sourceTree = "<group>"; };
/* End PBXFileReference section */

/* Begin PBXFrameworksBuildPhase section */
		B34B584126F2EA2F00EF3204 /* Frameworks */ = {
			isa = PBXFrameworksBuildPhase;
			buildActionMask = 2147483647;
			files = (
			);
			runOnlyForDeploymentPostprocessing = 0;
		};
		B34B585A26F2EA3200EF3204 /* Frameworks */ = {
			isa = PBXFrameworksBuildPhase;
			buildActionMask = 2147483647;
			files = (
			);
			runOnlyForDeploymentPostprocessing = 0;
		};
		B34B586426F2EA3200EF3204 /* Frameworks */ = {
			isa = PBXFrameworksBuildPhase;
			buildActionMask = 2147483647;
			files = (
			);
			runOnlyForDeploymentPostprocessing = 0;
		};
/* End PBXFrameworksBuildPhase section */

/* Begin PBXGroup section */
		B34B583B26F2EA2F00EF3204 = {
			isa = PBXGroup;
			children = (
				B34B584626F2EA2F00EF3204 /* StoreViewer */,
				B34B586026F2EA3200EF3204 /* StoreViewerTests */,
				B34B586A26F2EA3200EF3204 /* StoreViewerUITests */,
				B34B584526F2EA2F00EF3204 /* Products */,
			);
			sourceTree = "<group>";
		};
		B34B584526F2EA2F00EF3204 /* Products */ = {
			isa = PBXGroup;
			children = (
				B34B584426F2EA2F00EF3204 /* StoreViewer.app */,
				B34B585D26F2EA3200EF3204 /* StoreViewerTests.xctest */,
				B34B586726F2EA3200EF3204 /* StoreViewerUITests.xctest */,
			);
			name = Products;
			sourceTree = "<group>";
		};
		B34B584626F2EA2F00EF3204 /* StoreViewer */ = {
			isa = PBXGroup;
			children = (
				B34B584726F2EA2F00EF3204 /* AppDelegate.swift */,
				B34B584926F2EA2F00EF3204 /* SceneDelegate.swift */,
				B34B584B26F2EA2F00EF3204 /* ViewController.swift */,
				B34B587F26F34FC200EF3204 /* Resources */,
				B34B584D26F2EA2F00EF3204 /* Main.storyboard */,
				B34B585326F2EA3100EF3204 /* Assets.xcassets */,
				B34B585526F2EA3100EF3204 /* LaunchScreen.storyboard */,
				B34B585826F2EA3100EF3204 /* Info.plist */,
				B34B585026F2EA2F00EF3204 /* StoreViewer.xcdatamodeld */,
			);
			path = StoreViewer;
			sourceTree = "<group>";
		};
		B34B586026F2EA3200EF3204 /* StoreViewerTests */ = {
			isa = PBXGroup;
			children = (
				B34B586126F2EA3200EF3204 /* StoreViewerTests.swift */,
			);
			path = StoreViewerTests;
			sourceTree = "<group>";
		};
		B34B586A26F2EA3200EF3204 /* StoreViewerUITests */ = {
			isa = PBXGroup;
			children = (
				B34B586B26F2EA3200EF3204 /* StoreViewerUITests.swift */,
				B34B586D26F2EA3200EF3204 /* StoreViewerUITestsLaunchTests.swift */,
			);
			path = StoreViewerUITests;
			sourceTree = "<group>";
		};
		B34B587F26F34FC200EF3204 /* Resources */ = {
			isa = PBXGroup;
			children = (
				B34B588926F3500E00EF3204 /* nssl0033.jpg */,
				B34B588726F3500E00EF3204 /* nssl0034.jpg */,
				B34B588526F3500E00EF3204 /* nssl0041.jpg */,
				B34B588226F3500D00EF3204 /* nssl0042.jpg */,
				B34B588826F3500E00EF3204 /* nssl0043.jpg */,
				B34B588626F3500E00EF3204 /* nssl0045.jpg */,
				B34B588126F3500D00EF3204 /* nssl0046.jpg */,
				B34B588326F3500D00EF3204 /* nssl0049.jpg */,
				B34B588426F3500E00EF3204 /* nssl0051.jpg */,
				B34B588026F3500D00EF3204 /* nssl0091.jpg */,
			);
			path = Resources;
			sourceTree = "<group>";
		};
/* End PBXGroup section */

/* Begin PBXNativeTarget section */
		B34B584326F2EA2F00EF3204 /* StoreViewer */ = {
			isa = PBXNativeTarget;
			buildConfigurationList = B34B587126F2EA3200EF3204 /* Build configuration list for PBXNativeTarget "StoreViewer" */;
			buildPhases = (
				B34B584026F2EA2F00EF3204 /* Sources */,
				B34B584126F2EA2F00EF3204 /* Frameworks */,
				B34B584226F2EA2F00EF3204 /* Resources */,
			);
			buildRules = (
			);
			dependencies = (
			);
			name = StoreViewer;
			productName = StoreViewer;
			productReference = B34B584426F2EA2F00EF3204 /* StoreViewer.app */;
			productType = "com.apple.product-type.application";
		};
		B34B585C26F2EA3200EF3204 /* StoreViewerTests */ = {
			isa = PBXNativeTarget;
			buildConfigurationList = B34B587426F2EA3200EF3204 /* Build configuration list for PBXNativeTarget "StoreViewerTests" */;
			buildPhases = (
				B34B585926F2EA3200EF3204 /* Sources */,
				B34B585A26F2EA3200EF3204 /* Frameworks */,
				B34B585B26F2EA3200EF3204 /* Resources */,
			);
			buildRules = (
			);
			dependencies = (
				B34B585F26F2EA3200EF3204 /* PBXTargetDependency */,
			);
			name = StoreViewerTests;
			productName = StoreViewerTests;
			productReference = B34B585D26F2EA3200EF3204 /* StoreViewerTests.xctest */;
			productType = "com.apple.product-type.bundle.unit-test";
		};
		B34B586626F2EA3200EF3204 /* StoreViewerUITests */ = {
			isa = PBXNativeTarget;
			buildConfigurationList = B34B587726F2EA3200EF3204 /* Build configuration list for PBXNativeTarget "StoreViewerUITests" */;
			buildPhases = (
				B34B586326F2EA3200EF3204 /* Sources */,
				B34B586426F2EA3200EF3204 /* Frameworks */,
				B34B586526F2EA3200EF3204 /* Resources */,
			);
			buildRules = (
			);
			dependencies = (
				B34B586926F2EA3200EF3204 /* PBXTargetDependency */,
			);
			name = StoreViewerUITests;
			productName = StoreViewerUITests;
			productReference = B34B586726F2EA3200EF3204 /* StoreViewerUITests.xctest */;
			productType = "com.apple.product-type.bundle.ui-testing";
		};
/* End PBXNativeTarget section */

/* Begin PBXProject section */
		B34B583C26F2EA2F00EF3204 /* Project object */ = {
			isa = PBXProject;
			attributes = {
				BuildIndependentTargetsInParallel = 1;
				LastSwiftUpdateCheck = 1300;
				LastUpgradeCheck = 1300;
				TargetAttributes = {
					B34B584326F2EA2F00EF3204 = {
						CreatedOnToolsVersion = 13.0;
					};
					B34B585C26F2EA3200EF3204 = {
						CreatedOnToolsVersion = 13.0;
						TestTargetID = B34B584326F2EA2F00EF3204;
					};
					B34B586626F2EA3200EF3204 = {
						CreatedOnToolsVersion = 13.0;
						TestTargetID = B34B584326F2EA2F00EF3204;
					};
				};
			};
			buildConfigurationList = B34B583F26F2EA2F00EF3204 /* Build configuration list for PBXProject "StoreViewer" */;
			compatibilityVersion = "Xcode 13.0";
			developmentRegion = en;
			hasScannedForEncodings = 0;
			knownRegions = (
				en,
				Base,
			);
			mainGroup = B34B583B26F2EA2F00EF3204;
			packageReferences = (
				B34B587A26F30B1C00EF3204 /* XCRemoteSwiftPackageReference "SnapKit" */,
			);
			productRefGroup = B34B584526F2EA2F00EF3204 /* Products */;
			projectDirPath = "";
			projectRoot = "";
			targets = (
				B34B584326F2EA2F00EF3204 /* StoreViewer */,
				B34B585C26F2EA3200EF3204 /* StoreViewerTests */,
				B34B586626F2EA3200EF3204 /* StoreViewerUITests */,
			);
		};
/* End PBXProject section */

/* Begin PBXResourcesBuildPhase section */
		B34B584226F2EA2F00EF3204 /* Resources */ = {
			isa = PBXResourcesBuildPhase;
			buildActionMask = 2147483647;
			files = (
				B34B589026F3500E00EF3204 /* nssl0045.jpg in Resources */,
				B34B588B26F3500E00EF3204 /* nssl0046.jpg in Resources */,
				B34B588E26F3500E00EF3204 /* nssl0051.jpg in Resources */,
				B34B588C26F3500E00EF3204 /* nssl0042.jpg in Resources */,
				B34B589326F3500E00EF3204 /* nssl0033.jpg in Resources */,
				B34B585726F2EA3100EF3204 /* LaunchScreen.storyboard in Resources */,
				B34B588F26F3500E00EF3204 /* nssl0041.jpg in Resources */,
				B34B588D26F3500E00EF3204 /* nssl0049.jpg in Resources */,
				B34B589126F3500E00EF3204 /* nssl0034.jpg in Resources */,
				B34B588A26F3500E00EF3204 /* nssl0091.jpg in Resources */,
				B34B585426F2EA3100EF3204 /* Assets.xcassets in Resources */,
				B34B589226F3500E00EF3204 /* nssl0043.jpg in Resources */,
				B34B584F26F2EA2F00EF3204 /* Main.storyboard in Resources */,
			);
			runOnlyForDeploymentPostprocessing = 0;
		};
		B34B585B26F2EA3200EF3204 /* Resources */ = {
			isa = PBXResourcesBuildPhase;
			buildActionMask = 2147483647;
			files = (
			);
			runOnlyForDeploymentPostprocessing = 0;
		};
		B34B586526F2EA3200EF3204 /* Resources */ = {
			isa = PBXResourcesBuildPhase;
			buildActionMask = 2147483647;
			files = (
			);
			runOnlyForDeploymentPostprocessing = 0;
		};
/* End PBXResourcesBuildPhase section */

/* Begin PBXSourcesBuildPhase section */
		B34B584026F2EA2F00EF3204 /* Sources */ = {
			isa = PBXSourcesBuildPhase;
			buildActionMask = 2147483647;
			files = (
				B34B584C26F2EA2F00EF3204 /* ViewController.swift in Sources */,
				B34B584826F2EA2F00EF3204 /* AppDelegate.swift in Sources */,
				B34B584A26F2EA2F00EF3204 /* SceneDelegate.swift in Sources */,
				B34B585226F2EA2F00EF3204 /* StoreViewer.xcdatamodeld in Sources */,
			);
			runOnlyForDeploymentPostprocessing = 0;
		};
		B34B585926F2EA3200EF3204 /* Sources */ = {
			isa = PBXSourcesBuildPhase;
			buildActionMask = 2147483647;
			files = (
				B34B586226F2EA3200EF3204 /* StoreViewerTests.swift in Sources */,
			);
			runOnlyForDeploymentPostprocessing = 0;
		};
		B34B586326F2EA3200EF3204 /* Sources */ = {
			isa = PBXSourcesBuildPhase;
			buildActionMask = 2147483647;
			files = (
				B34B586E26F2EA3200EF3204 /* StoreViewerUITestsLaunchTests.swift in Sources */,
				B34B586C26F2EA3200EF3204 /* StoreViewerUITests.swift in Sources */,
			);
			runOnlyForDeploymentPostprocessing = 0;
		};
/* End PBXSourcesBuildPhase section */

/* Begin PBXTargetDependency section */
		B34B585F26F2EA3200EF3204 /* PBXTargetDependency */ = {
			isa = PBXTargetDependency;
			target = B34B584326F2EA2F00EF3204 /* StoreViewer */;
			targetProxy = B34B585E26F2EA3200EF3204 /* PBXContainerItemProxy */;
		};
		B34B586926F2EA3200EF3204 /* PBXTargetDependency */ = {
			isa = PBXTargetDependency;
			target = B34B584326F2EA2F00EF3204 /* StoreViewer */;
			targetProxy = B34B586826F2EA3200EF3204 /* PBXContainerItemProxy */;
		};
/* End PBXTargetDependency section */

/* Begin PBXVariantGroup section */
		B34B584D26F2EA2F00EF3204 /* Main.storyboard */ = {
			isa = PBXVariantGroup;
			children = (
				B34B584E26F2EA2F00EF3204 /* Base */,
			);
			name = Main.storyboard;
			sourceTree = "<group>";
		};
		B34B585526F2EA3100EF3204 /* LaunchScreen.storyboard */ = {
			isa = PBXVariantGroup;
			children = (
				B34B585626F2EA3100EF3204 /* Base */,
			);
			name = LaunchScreen.storyboard;
			sourceTree = "<group>";
		};
/* End PBXVariantGroup section */

/* Begin XCBuildConfiguration section */
		B34B586F26F2EA3200EF3204 /* Debug */ = {
			isa = XCBuildConfiguration;
			buildSettings = {
				ALWAYS_SEARCH_USER_PATHS = NO;
				CLANG_ANALYZER_NONNULL = YES;
				CLANG_ANALYZER_NUMBER_OBJECT_CONVERSION = YES_AGGRESSIVE;
				CLANG_CXX_LANGUAGE_STANDARD = "gnu++17";
				CLANG_CXX_LIBRARY = "libc++";
				CLANG_ENABLE_MODULES = YES;
				CLANG_ENABLE_OBJC_ARC = YES;
				CLANG_ENABLE_OBJC_WEAK = YES;
				CLANG_WARN_BLOCK_CAPTURE_AUTORELEASING = YES;
				CLANG_WARN_BOOL_CONVERSION = YES;
				CLANG_WARN_COMMA = YES;
				CLANG_WARN_CONSTANT_CONVERSION = YES;
				CLANG_WARN_DEPRECATED_OBJC_IMPLEMENTATIONS = YES;
				CLANG_WARN_DIRECT_OBJC_ISA_USAGE = YES_ERROR;
				CLANG_WARN_DOCUMENTATION_COMMENTS = YES;
				CLANG_WARN_EMPTY_BODY = YES;
				CLANG_WARN_ENUM_CONVERSION = YES;
				CLANG_WARN_INFINITE_RECURSION = YES;
				CLANG_WARN_INT_CONVERSION = YES;
				CLANG_WARN_NON_LITERAL_NULL_CONVERSION = YES;
				CLANG_WARN_OBJC_IMPLICIT_RETAIN_SELF = YES;
				CLANG_WARN_OBJC_LITERAL_CONVERSION = YES;
				CLANG_WARN_OBJC_ROOT_CLASS = YES_ERROR;
				CLANG_WARN_QUOTED_INCLUDE_IN_FRAMEWORK_HEADER = YES;
				CLANG_WARN_RANGE_LOOP_ANALYSIS = YES;
				CLANG_WARN_STRICT_PROTOTYPES = YES;
				CLANG_WARN_SUSPICIOUS_MOVE = YES;
				CLANG_WARN_UNGUARDED_AVAILABILITY = YES_AGGRESSIVE;
				CLANG_WARN_UNREACHABLE_CODE = YES;
				CLANG_WARN__DUPLICATE_METHOD_MATCH = YES;
				COPY_PHASE_STRIP = NO;
				DEBUG_INFORMATION_FORMAT = dwarf;
				ENABLE_STRICT_OBJC_MSGSEND = YES;
				ENABLE_TESTABILITY = YES;
				GCC_C_LANGUAGE_STANDARD = gnu11;
				GCC_DYNAMIC_NO_PIC = NO;
				GCC_NO_COMMON_BLOCKS = YES;
				GCC_OPTIMIZATION_LEVEL = 0;
				GCC_PREPROCESSOR_DEFINITIONS = (
					"DEBUG=1",
					"$(inherited)",
				);
				GCC_WARN_64_TO_32_BIT_CONVERSION = YES;
				GCC_WARN_ABOUT_RETURN_TYPE = YES_ERROR;
				GCC_WARN_UNDECLARED_SELECTOR = YES;
				GCC_WARN_UNINITIALIZED_AUTOS = YES_AGGRESSIVE;
				GCC_WARN_UNUSED_FUNCTION = YES;
				GCC_WARN_UNUSED_VARIABLE = YES;
				IPHONEOS_DEPLOYMENT_TARGET = 15.0;
				MTL_ENABLE_DEBUG_INFO = INCLUDE_SOURCE;
				MTL_FAST_MATH = YES;
				ONLY_ACTIVE_ARCH = YES;
				SDKROOT = iphoneos;
				SWIFT_ACTIVE_COMPILATION_CONDITIONS = DEBUG;
				SWIFT_OPTIMIZATION_LEVEL = "-Onone";
			};
			name = Debug;
		};
		B34B587026F2EA3200EF3204 /* Release */ = {
			isa = XCBuildConfiguration;
			buildSettings = {
				ALWAYS_SEARCH_USER_PATHS = NO;
				CLANG_ANALYZER_NONNULL = YES;
				CLANG_ANALYZER_NUMBER_OBJECT_CONVERSION = YES_AGGRESSIVE;
				CLANG_CXX_LANGUAGE_STANDARD = "gnu++17";
				CLANG_CXX_LIBRARY = "libc++";
				CLANG_ENABLE_MODULES = YES;
				CLANG_ENABLE_OBJC_ARC = YES;
				CLANG_ENABLE_OBJC_WEAK = YES;
				CLANG_WARN_BLOCK_CAPTURE_AUTORELEASING = YES;
				CLANG_WARN_BOOL_CONVERSION = YES;
				CLANG_WARN_COMMA = YES;
				CLANG_WARN_CONSTANT_CONVERSION = YES;
				CLANG_WARN_DEPRECATED_OBJC_IMPLEMENTATIONS = YES;
				CLANG_WARN_DIRECT_OBJC_ISA_USAGE = YES_ERROR;
				CLANG_WARN_DOCUMENTATION_COMMENTS = YES;
				CLANG_WARN_EMPTY_BODY = YES;
				CLANG_WARN_ENUM_CONVERSION = YES;
				CLANG_WARN_INFINITE_RECURSION = YES;
				CLANG_WARN_INT_CONVERSION = YES;
				CLANG_WARN_NON_LITERAL_NULL_CONVERSION = YES;
				CLANG_WARN_OBJC_IMPLICIT_RETAIN_SELF = YES;
				CLANG_WARN_OBJC_LITERAL_CONVERSION = YES;
				CLANG_WARN_OBJC_ROOT_CLASS = YES_ERROR;
				CLANG_WARN_QUOTED_INCLUDE_IN_FRAMEWORK_HEADER = YES;
				CLANG_WARN_RANGE_LOOP_ANALYSIS = YES;
				CLANG_WARN_STRICT_PROTOTYPES = YES;
				CLANG_WARN_SUSPICIOUS_MOVE = YES;
				CLANG_WARN_UNGUARDED_AVAILABILITY = YES_AGGRESSIVE;
				CLANG_WARN_UNREACHABLE_CODE = YES;
				CLANG_WARN__DUPLICATE_METHOD_MATCH = YES;
				COPY_PHASE_STRIP = NO;
				DEBUG_INFORMATION_FORMAT = "dwarf-with-dsym";
				ENABLE_NS_ASSERTIONS = NO;
				ENABLE_STRICT_OBJC_MSGSEND = YES;
				GCC_C_LANGUAGE_STANDARD = gnu11;
				GCC_NO_COMMON_BLOCKS = YES;
				GCC_WARN_64_TO_32_BIT_CONVERSION = YES;
				GCC_WARN_ABOUT_RETURN_TYPE = YES_ERROR;
				GCC_WARN_UNDECLARED_SELECTOR = YES;
				GCC_WARN_UNINITIALIZED_AUTOS = YES_AGGRESSIVE;
				GCC_WARN_UNUSED_FUNCTION = YES;
				GCC_WARN_UNUSED_VARIABLE = YES;
				IPHONEOS_DEPLOYMENT_TARGET = 15.0;
				MTL_ENABLE_DEBUG_INFO = NO;
				MTL_FAST_MATH = YES;
				SDKROOT = iphoneos;
				SWIFT_COMPILATION_MODE = wholemodule;
				SWIFT_OPTIMIZATION_LEVEL = "-O";
				VALIDATE_PRODUCT = YES;
			};
			name = Release;
		};
		B34B587226F2EA3200EF3204 /* Debug */ = {
			isa = XCBuildConfiguration;
			buildSettings = {
				ASSETCATALOG_COMPILER_APPICON_NAME = AppIcon;
				ASSETCATALOG_COMPILER_GLOBAL_ACCENT_COLOR_NAME = AccentColor;
				CODE_SIGN_STYLE = Automatic;
				CURRENT_PROJECT_VERSION = 1;
				GENERATE_INFOPLIST_FILE = YES;
				INFOPLIST_FILE = StoreViewer/Info.plist;
				INFOPLIST_KEY_UIApplicationSupportsIndirectInputEvents = YES;
				INFOPLIST_KEY_UILaunchStoryboardName = LaunchScreen;
				INFOPLIST_KEY_UIMainStoryboardFile = Main;
				INFOPLIST_KEY_UISupportedInterfaceOrientations_iPad = "UIInterfaceOrientationPortrait UIInterfaceOrientationPortraitUpsideDown UIInterfaceOrientationLandscapeLeft UIInterfaceOrientationLandscapeRight";
				INFOPLIST_KEY_UISupportedInterfaceOrientations_iPhone = "UIInterfaceOrientationPortrait UIInterfaceOrientationLandscapeLeft UIInterfaceOrientationLandscapeRight";
				LD_RUNPATH_SEARCH_PATHS = (
					"$(inherited)",
					"@executable_path/Frameworks",
				);
				MARKETING_VERSION = 1.0;
				PRODUCT_BUNDLE_IDENTIFIER = com.hsg.iTBoyer.StoreViewer;
				PRODUCT_NAME = "$(TARGET_NAME)";
				SWIFT_EMIT_LOC_STRINGS = YES;
				SWIFT_VERSION = 5.0;
				TARGETED_DEVICE_FAMILY = "1,2";
			};
			name = Debug;
		};
		B34B587326F2EA3200EF3204 /* Release */ = {
			isa = XCBuildConfiguration;
			buildSettings = {
				ASSETCATALOG_COMPILER_APPICON_NAME = AppIcon;
				ASSETCATALOG_COMPILER_GLOBAL_ACCENT_COLOR_NAME = AccentColor;
				CODE_SIGN_STYLE = Automatic;
				CURRENT_PROJECT_VERSION = 1;
				GENERATE_INFOPLIST_FILE = YES;
				INFOPLIST_FILE = StoreViewer/Info.plist;
				INFOPLIST_KEY_UIApplicationSupportsIndirectInputEvents = YES;
				INFOPLIST_KEY_UILaunchStoryboardName = LaunchScreen;
				INFOPLIST_KEY_UIMainStoryboardFile = Main;
				INFOPLIST_KEY_UISupportedInterfaceOrientations_iPad = "UIInterfaceOrientationPortrait UIInterfaceOrientationPortraitUpsideDown UIInterfaceOrientationLandscapeLeft UIInterfaceOrientationLandscapeRight";
				INFOPLIST_KEY_UISupportedInterfaceOrientations_iPhone = "UIInterfaceOrientationPortrait UIInterfaceOrientationLandscapeLeft UIInterfaceOrientationLandscapeRight";
				LD_RUNPATH_SEARCH_PATHS = (
					"$(inherited)",
					"@executable_path/Frameworks",
				);
				MARKETING_VERSION = 1.0;
				PRODUCT_BUNDLE_IDENTIFIER = com.hsg.iTBoyer.StoreViewer;
				PRODUCT_NAME = "$(TARGET_NAME)";
				SWIFT_EMIT_LOC_STRINGS = YES;
				SWIFT_VERSION = 5.0;
				TARGETED_DEVICE_FAMILY = "1,2";
			};
			name = Release;
		};
		B34B587526F2EA3200EF3204 /* Debug */ = {
			isa = XCBuildConfiguration;
			buildSettings = {
				ALWAYS_EMBED_SWIFT_STANDARD_LIBRARIES = YES;
				BUNDLE_LOADER = "$(TEST_HOST)";
				CODE_SIGN_STYLE = Automatic;
				CURRENT_PROJECT_VERSION = 1;
				GENERATE_INFOPLIST_FILE = YES;
				IPHONEOS_DEPLOYMENT_TARGET = 15.0;
				LD_RUNPATH_SEARCH_PATHS = (
					"$(inherited)",
					"@executable_path/Frameworks",
					"@loader_path/Frameworks",
				);
				MARKETING_VERSION = 1.0;
				PRODUCT_BUNDLE_IDENTIFIER = com.hsg.iTBoyer.StoreViewerTests;
				PRODUCT_NAME = "$(TARGET_NAME)";
				SWIFT_EMIT_LOC_STRINGS = NO;
				SWIFT_VERSION = 5.0;
				TARGETED_DEVICE_FAMILY = "1,2";
				TEST_HOST = "$(BUILT_PRODUCTS_DIR)/StoreViewer.app/StoreViewer";
			};
			name = Debug;
		};
		B34B587626F2EA3200EF3204 /* Release */ = {
			isa = XCBuildConfiguration;
			buildSettings = {
				ALWAYS_EMBED_SWIFT_STANDARD_LIBRARIES = YES;
				BUNDLE_LOADER = "$(TEST_HOST)";
				CODE_SIGN_STYLE = Automatic;
				CURRENT_PROJECT_VERSION = 1;
				GENERATE_INFOPLIST_FILE = YES;
				IPHONEOS_DEPLOYMENT_TARGET = 15.0;
				LD_RUNPATH_SEARCH_PATHS = (
					"$(inherited)",
					"@executable_path/Frameworks",
					"@loader_path/Frameworks",
				);
				MARKETING_VERSION = 1.0;
				PRODUCT_BUNDLE_IDENTIFIER = com.hsg.iTBoyer.StoreViewerTests;
				PRODUCT_NAME = "$(TARGET_NAME)";
				SWIFT_EMIT_LOC_STRINGS = NO;
				SWIFT_VERSION = 5.0;
				TARGETED_DEVICE_FAMILY = "1,2";
				TEST_HOST = "$(BUILT_PRODUCTS_DIR)/StoreViewer.app/StoreViewer";
			};
			name = Release;
		};
		B34B587826F2EA3200EF3204 /* Debug */ = {
			isa = XCBuildConfiguration;
			buildSettings = {
				ALWAYS_EMBED_SWIFT_STANDARD_LIBRARIES = YES;
				CODE_SIGN_STYLE = Automatic;
				CURRENT_PROJECT_VERSION = 1;
				GENERATE_INFOPLIST_FILE = YES;
				LD_RUNPATH_SEARCH_PATHS = (
					"$(inherited)",
					"@executable_path/Frameworks",
					"@loader_path/Frameworks",
				);
				MARKETING_VERSION = 1.0;
				PRODUCT_BUNDLE_IDENTIFIER = com.hsg.iTBoyer.StoreViewerUITests;
				PRODUCT_NAME = "$(TARGET_NAME)";
				SWIFT_EMIT_LOC_STRINGS = NO;
				SWIFT_VERSION = 5.0;
				TARGETED_DEVICE_FAMILY = "1,2";
				TEST_TARGET_NAME = StoreViewer;
			};
			name = Debug;
		};
		B34B587926F2EA3200EF3204 /* Release */ = {
			isa = XCBuildConfiguration;
			buildSettings = {
				ALWAYS_EMBED_SWIFT_STANDARD_LIBRARIES = YES;
				CODE_SIGN_STYLE = Automatic;
				CURRENT_PROJECT_VERSION = 1;
				GENERATE_INFOPLIST_FILE = YES;
				LD_RUNPATH_SEARCH_PATHS = (
					"$(inherited)",
					"@executable_path/Frameworks",
					"@loader_path/Frameworks",
				);
				MARKETING_VERSION = 1.0;
				PRODUCT_BUNDLE_IDENTIFIER = com.hsg.iTBoyer.StoreViewerUITests;
				PRODUCT_NAME = "$(TARGET_NAME)";
				SWIFT_EMIT_LOC_STRINGS = NO;
				SWIFT_VERSION = 5.0;
				TARGETED_DEVICE_FAMILY = "1,2";
				TEST_TARGET_NAME = StoreViewer;
			};
			name = Release;
		};
/* End XCBuildConfiguration section */

/* Begin XCConfigurationList section */
		B34B583F26F2EA2F00EF3204 /* Build configuration list for PBXProject "StoreViewer" */ = {
			isa = XCConfigurationList;
			buildConfigurations = (
				B34B586F26F2EA3200EF3204 /* Debug */,
				B34B587026F2EA3200EF3204 /* Release */,
			);
			defaultConfigurationIsVisible = 0;
			defaultConfigurationName = Release;
		};
		B34B587126F2EA3200EF3204 /* Build configuration list for PBXNativeTarget "StoreViewer" */ = {
			isa = XCConfigurationList;
			buildConfigurations = (
				B34B587226F2EA3200EF3204 /* Debug */,
				B34B587326F2EA3200EF3204 /* Release */,
			);
			defaultConfigurationIsVisible = 0;
			defaultConfigurationName = Release;
		};
		B34B587426F2EA3200EF3204 /* Build configuration list for PBXNativeTarget "StoreViewerTests" */ = {
			isa = XCConfigurationList;
			buildConfigurations = (
				B34B587526F2EA3200EF3204 /* Debug */,
				B34B587626F2EA3200EF3204 /* Release */,
			);
			defaultConfigurationIsVisible = 0;
			defaultConfigurationName = Release;
		};
		B34B587726F2EA3200EF3204 /* Build configuration list for PBXNativeTarget "StoreViewerUITests" */ = {
			isa = XCConfigurationList;
			buildConfigurations = (
				B34B587826F2EA3200EF3204 /* Debug */,
				B34B587926F2EA3200EF3204 /* Release */,
			);
			defaultConfigurationIsVisible = 0;
			defaultConfigurationName = Release;
		};
/* End XCConfigurationList section */

/* Begin XCRemoteSwiftPackageReference section */
		B34B587A26F30B1C00EF3204 /* XCRemoteSwiftPackageReference "SnapKit" */ = {
			isa = XCRemoteSwiftPackageReference;
			repositoryURL = "https://github.com/SnapKit/SnapKit.git";
			requirement = {
				kind = upToNextMajorVersion;
				minimumVersion = 5.0.0;
			};
		};
/* End XCRemoteSwiftPackageReference section */

/* Begin XCVersionGroup section */
		B34B585026F2EA2F00EF3204 /* StoreViewer.xcdatamodeld */ = {
			isa = XCVersionGroup;
			children = (
				B34B585126F2EA2F00EF3204 /* StoreViewer.xcdatamodel */,
			);
			currentVersion = B34B585126F2EA2F00EF3204 /* StoreViewer.xcdatamodel */;
			path = StoreViewer.xcdatamodeld;
			sourceTree = "<group>";
			versionGroupType = wrapper.xcdatamodel;
		};
/* End XCVersionGroup section */
	};
	rootObject = B34B583C26F2EA2F00EF3204 /* Project object */;
}
